
Microsoft Visual Studio Solution File, Format Version 12.00
# Visual Studio 14
VisualStudioVersion = 14.0.25420.1
MinimumVisualStudioVersion = 10.0.40219.1
Project("{FAE04EC0-301F-11D3-BF4B-00C04F79EFBC}") = "Frame.ServiceNodeInterfaces", "Frame.ServiceNodeInterfaces\Frame.ServiceNodeInterfaces.csproj", "{1027EAE5-07A6-47BE-92CB-95419917ABD0}"
EndProject
Project("{FAE04EC0-301F-11D3-BF4B-00C04F79EFBC}") = "Frame.ServiceNodeLibs", "Frame.ServiceNodeLibs\Frame.ServiceNodeLibs.csproj", "{7B460D80-23FB-4274-88F1-F351EF9A236F}"
EndProject
Project("{E24C65DC-7377-472B-9ABA-BC803B73C61A}") = "Frame.ServiceNode", "Frame.ServiceNode\", "{9CD97524-9F4A-4EFC-982F-1C21F594BF7F}"
	ProjectSection(WebsiteProperties) = preProject
		TargetFrameworkMoniker = ".NETFramework,Version%3Dv4.6"
		ProjectReferences = "{1027eae5-07a6-47be-92cb-95419917abd0}|Frame.ServiceNodeInterfaces.dll;{7b460d80-23fb-4274-88f1-f351ef9a236f}|Frame.ServiceNodeLibs.dll;{6862EB10-5CC1-45EC-9B44-2B4C6F99F4DB}|Common.dll;{0FA6F210-96A6-4410-ADE3-702A7F1BEAEC}|Entitys.dll;{1E8D8AC3-C4BF-418C-981E-6895EB09C368}|Frame.ServiceInterfaces.dll;{1E6B18F0-4680-4263-A92C-689FF20A940E}|FrameCommon.dll;{CB8C00E4-F17C-4859-910B-07E8145D81E1}|WebServiceManager.dll;"
		Debug.AspNetCompiler.VirtualPath = "/localhost_10081"
		Debug.AspNetCompiler.PhysicalPath = "Frame.ServiceNode\"
		Debug.AspNetCompiler.TargetPath = "PrecompiledWeb\localhost_10081\"
		Debug.AspNetCompiler.Updateable = "true"
		Debug.AspNetCompiler.ForceOverwrite = "true"
		Debug.AspNetCompiler.FixedNames = "false"
		Debug.AspNetCompiler.Debug = "True"
		Release.AspNetCompiler.VirtualPath = "/localhost_10081"
		Release.AspNetCompiler.PhysicalPath = "Frame.ServiceNode\"
		Release.AspNetCompiler.TargetPath = "PrecompiledWeb\localhost_10081\"
		Release.AspNetCompiler.Updateable = "true"
		Release.AspNetCompiler.ForceOverwrite = "true"
		Release.AspNetCompiler.FixedNames = "false"
		Release.AspNetCompiler.Debug = "False"
		VWDPort = "10081"
		SlnRelativePath = "Frame.ServiceNode\"
	EndProjectSection
EndProject
Project("{FAE04EC0-301F-11D3-BF4B-00C04F79EFBC}") = "Common", "..\Common\Common\Common.csproj", "{6862EB10-5CC1-45EC-9B44-2B4C6F99F4DB}"
EndProject
Project("{FAE04EC0-301F-11D3-BF4B-00C04F79EFBC}") = "Entitys", "..\Entitys\Entitys.csproj", "{0FA6F210-96A6-4410-ADE3-702A7F1BEAEC}"
EndProject
Project("{FAE04EC0-301F-11D3-BF4B-00C04F79EFBC}") = "FrameCommon", "..\FrameCommon\FrameCommon\FrameCommon.csproj", "{1E6B18F0-4680-4263-A92C-689FF20A940E}"
EndProject
Project("{FAE04EC0-301F-11D3-BF4B-00C04F79EFBC}") = "WebServiceManager", "..\WebServiceManager\WebServiceManager\WebServiceManager.csproj", "{CB8C00E4-F17C-4859-910B-07E8145D81E1}"
EndProject
Project("{FAE04EC0-301F-11D3-BF4B-00C04F79EFBC}") = "Frame.ServiceInterfaces", "..\FrameManager\Frame.ServiceInterfaces\Frame.ServiceInterfaces.csproj", "{1E8D8AC3-C4BF-418C-981E-6895EB09C368}"
EndProject
Global
	GlobalSection(SolutionConfigurationPlatforms) = preSolution
		Debug|Any CPU = Debug|Any CPU
		Debug|x86 = Debug|x86
		Release|Any CPU = Release|Any CPU
		Release|x86 = Release|x86
	EndGlobalSection
	GlobalSection(ProjectConfigurationPlatforms) = postSolution
		{1027EAE5-07A6-47BE-92CB-95419917ABD0}.Debug|Any CPU.ActiveCfg = Debug|Any CPU
		{1027EAE5-07A6-47BE-92CB-95419917ABD0}.Debug|Any CPU.Build.0 = Debug|Any CPU
		{1027EAE5-07A6-47BE-92CB-95419917ABD0}.Debug|x86.ActiveCfg = Debug|x86
		{1027EAE5-07A6-47BE-92CB-95419917ABD0}.Debug|x86.Build.0 = Debug|x86
		{1027EAE5-07A6-47BE-92CB-95419917ABD0}.Release|Any CPU.ActiveCfg = Release|Any CPU
		{1027EAE5-07A6-47BE-92CB-95419917ABD0}.Release|Any CPU.Build.0 = Release|Any CPU
		{1027EAE5-07A6-47BE-92CB-95419917ABD0}.Release|x86.ActiveCfg = Release|x86
		{1027EAE5-07A6-47BE-92CB-95419917ABD0}.Release|x86.Build.0 = Release|x86
		{7B460D80-23FB-4274-88F1-F351EF9A236F}.Debug|Any CPU.ActiveCfg = Debug|Any CPU
		{7B460D80-23FB-4274-88F1-F351EF9A236F}.Debug|Any CPU.Build.0 = Debug|Any CPU
		{7B460D80-23FB-4274-88F1-F351EF9A236F}.Debug|x86.ActiveCfg = Debug|x86
		{7B460D80-23FB-4274-88F1-F351EF9A236F}.Debug|x86.Build.0 = Debug|x86
		{7B460D80-23FB-4274-88F1-F351EF9A236F}.Release|Any CPU.ActiveCfg = Release|Any CPU
		{7B460D80-23FB-4274-88F1-F351EF9A236F}.Release|Any CPU.Build.0 = Release|Any CPU
		{7B460D80-23FB-4274-88F1-F351EF9A236F}.Release|x86.ActiveCfg = Release|x86
		{7B460D80-23FB-4274-88F1-F351EF9A236F}.Release|x86.Build.0 = Release|x86
		{9CD97524-9F4A-4EFC-982F-1C21F594BF7F}.Debug|Any CPU.ActiveCfg = Debug|Any CPU
		{9CD97524-9F4A-4EFC-982F-1C21F594BF7F}.Debug|Any CPU.Build.0 = Debug|Any CPU
		{9CD97524-9F4A-4EFC-982F-1C21F594BF7F}.Debug|x86.ActiveCfg = Debug|Any CPU
		{9CD97524-9F4A-4EFC-982F-1C21F594BF7F}.Debug|x86.Build.0 = Debug|Any CPU
		{9CD97524-9F4A-4EFC-982F-1C21F594BF7F}.Release|Any CPU.ActiveCfg = Debug|Any CPU
		{9CD97524-9F4A-4EFC-982F-1C21F594BF7F}.Release|Any CPU.Build.0 = Debug|Any CPU
		{9CD97524-9F4A-4EFC-982F-1C21F594BF7F}.Release|x86.ActiveCfg = Debug|Any CPU
		{9CD97524-9F4A-4EFC-982F-1C21F594BF7F}.Release|x86.Build.0 = Debug|Any CPU
		{6862EB10-5CC1-45EC-9B44-2B4C6F99F4DB}.Debug|Any CPU.ActiveCfg = Debug|Any CPU
		{6862EB10-5CC1-45EC-9B44-2B4C6F99F4DB}.Debug|Any CPU.Build.0 = Debug|Any CPU
		{6862EB10-5CC1-45EC-9B44-2B4C6F99F4DB}.Debug|x86.ActiveCfg = Debug|x86
		{6862EB10-5CC1-45EC-9B44-2B4C6F99F4DB}.Debug|x86.Build.0 = Debug|x86
		{6862EB10-5CC1-45EC-9B44-2B4C6F99F4DB}.Release|Any CPU.ActiveCfg = Release|Any CPU
		{6862EB10-5CC1-45EC-9B44-2B4C6F99F4DB}.Release|Any CPU.Build.0 = Release|Any CPU
		{6862EB10-5CC1-45EC-9B44-2B4C6F99F4DB}.Release|x86.ActiveCfg = Release|x86
		{6862EB10-5CC1-45EC-9B44-2B4C6F99F4DB}.Release|x86.Build.0 = Release|x86
		{0FA6F210-96A6-4410-ADE3-702A7F1BEAEC}.Debug|Any CPU.ActiveCfg = Debug|Any CPU
		{0FA6F210-96A6-4410-ADE3-702A7F1BEAEC}.Debug|Any CPU.Build.0 = Debug|Any CPU
		{0FA6F210-96A6-4410-ADE3-702A7F1BEAEC}.Debug|x86.ActiveCfg = Debug|x86
		{0FA6F210-96A6-4410-ADE3-702A7F1BEAEC}.Debug|x86.Build.0 = Debug|x86
		{0FA6F210-96A6-4410-ADE3-702A7F1BEAEC}.Release|Any CPU.ActiveCfg = Release|Any CPU
		{0FA6F210-96A6-4410-ADE3-702A7F1BEAEC}.Release|Any CPU.Build.0 = Release|Any CPU
		{0FA6F210-96A6-4410-ADE3-702A7F1BEAEC}.Release|x86.ActiveCfg = Release|x86
		{0FA6F210-96A6-4410-ADE3-702A7F1BEAEC}.Release|x86.Build.0 = Release|x86
		{1E6B18F0-4680-4263-A92C-689FF20A940E}.Debug|Any CPU.ActiveCfg = Debug|Any CPU
		{1E6B18F0-4680-4263-A92C-689FF20A940E}.Debug|Any CPU.Build.0 = Debug|Any CPU
		{1E6B18F0-4680-4263-A92C-689FF20A940E}.Debug|x86.ActiveCfg = Debug|x86
		{1E6B18F0-4680-4263-A92C-689FF20A940E}.Debug|x86.Build.0 = Debug|x86
		{1E6B18F0-4680-4263-A92C-689FF20A940E}.Release|Any CPU.ActiveCfg = Release|Any CPU
		{1E6B18F0-4680-4263-A92C-689FF20A940E}.Release|Any CPU.Build.0 = Release|Any CPU
		{1E6B18F0-4680-4263-A92C-689FF20A940E}.Release|x86.ActiveCfg = Release|x86
		{1E6B18F0-4680-4263-A92C-689FF20A940E}.Release|x86.Build.0 = Release|x86
		{CB8C00E4-F17C-4859-910B-07E8145D81E1}.Debug|Any CPU.ActiveCfg = Debug|Any CPU
		{CB8C00E4-F17C-4859-910B-07E8145D81E1}.Debug|Any CPU.Build.0 = Debug|Any CPU
		{CB8C00E4-F17C-4859-910B-07E8145D81E1}.Debug|x86.ActiveCfg = Debug|x86
		{CB8C00E4-F17C-4859-910B-07E8145D81E1}.Debug|x86.Build.0 = Debug|x86
		{CB8C00E4-F17C-4859-910B-07E8145D81E1}.Release|Any CPU.ActiveCfg = Release|Any CPU
		{CB8C00E4-F17C-4859-910B-07E8145D81E1}.Release|Any CPU.Build.0 = Release|Any CPU
		{CB8C00E4-F17C-4859-910B-07E8145D81E1}.Release|x86.ActiveCfg = Release|x86
		{CB8C00E4-F17C-4859-910B-07E8145D81E1}.Release|x86.Build.0 = Release|x86
		{1E8D8AC3-C4BF-418C-981E-6895EB09C368}.Debug|Any CPU.ActiveCfg = Debug|Any CPU
		{1E8D8AC3-C4BF-418C-981E-6895EB09C368}.Debug|Any CPU.Build.0 = Debug|Any CPU
		{1E8D8AC3-C4BF-418C-981E-6895EB09C368}.Debug|x86.ActiveCfg = Debug|x86
		{1E8D8AC3-C4BF-418C-981E-6895EB09C368}.Debug|x86.Build.0 = Debug|x86
		{1E8D8AC3-C4BF-418C-981E-6895EB09C368}.Release|Any CPU.ActiveCfg = Release|Any CPU
		{1E8D8AC3-C4BF-418C-981E-6895EB09C368}.Release|Any CPU.Build.0 = Release|Any CPU
		{1E8D8AC3-C4BF-418C-981E-6895EB09C368}.Release|x86.ActiveCfg = Release|x86
		{1E8D8AC3-C4BF-418C-981E-6895EB09C368}.Release|x86.Build.0 = Release|x86
	EndGlobalSection
	GlobalSection(SolutionProperties) = preSolution
		HideSolutionNode = FALSE
	EndGlobalSection
EndGlobal
